// !$*UTF8*$!
{
	archiveVersion = 1;
	classes = {
	};
	objectVersion = 45;
	objects = {

/* Begin PBXBuildFile section */
		056438B70ED0C40B00985397 /* DetailViewTemplate.png in Resources */ = {isa = PBXBuildFile; fileRef = 056438B60ED0C40B00985397 /* DetailViewTemplate.png */; };
		3BC07F4C0ED5A5C5009A7768 /* HistoryViewTemplate.png in Resources */ = {isa = PBXBuildFile; fileRef = 3BC07F4A0ED5A5C5009A7768 /* HistoryViewTemplate.png */; };
		3BC07F4D0ED5A5C5009A7768 /* CommitViewTemplate.png in Resources */ = {isa = PBXBuildFile; fileRef = 3BC07F4B0ED5A5C5009A7768 /* CommitViewTemplate.png */; };
		47DBDB580E94EDE700671A1E /* DBPrefsWindowController.m in Sources */ = {isa = PBXBuildFile; fileRef = 47DBDB570E94EDE700671A1E /* DBPrefsWindowController.m */; };
		47DBDB670E94EE8B00671A1E /* PBPrefsWindowController.m in Sources */ = {isa = PBXBuildFile; fileRef = 47DBDB660E94EE8B00671A1E /* PBPrefsWindowController.m */; };
		47DBDBB10E94F6CA00671A1E /* Updates.png in Resources */ = {isa = PBXBuildFile; fileRef = 47DBDBB00E94F6CA00671A1E /* Updates.png */; };
		47DBDBCA0E95016F00671A1E /* PBNSURLPathUserDefaultsTransfomer.m in Sources */ = {isa = PBXBuildFile; fileRef = 47DBDBC90E95016F00671A1E /* PBNSURLPathUserDefaultsTransfomer.m */; };
		77C8280E06725ACE000B614F /* ApplicationController.m in Sources */ = {isa = PBXBuildFile; fileRef = 77C8280C06725ACE000B614F /* ApplicationController.m */; };
		8D11072D0486CEB800E47090 /* main.m in Sources */ = {isa = PBXBuildFile; fileRef = 29B97316FDCFA39411CA2CEA /* main.m */; settings = {ATTRIBUTES = (); }; };
		8D11072F0486CEB800E47090 /* Cocoa.framework in Frameworks */ = {isa = PBXBuildFile; fileRef = 1058C7A1FEA54F0111CA2CBB /* Cocoa.framework */; };
		911111F80E594F3F00BF76B4 /* PBRepositoryDocumentController.m in Sources */ = {isa = PBXBuildFile; fileRef = 911111F70E594F3F00BF76B4 /* PBRepositoryDocumentController.m */; };
		913D5E4D0E55644E00CECEA2 /* gitx.m in Sources */ = {isa = PBXBuildFile; fileRef = 913D5E440E55640C00CECEA2 /* gitx.m */; };
		913D5E500E55645900CECEA2 /* gitx in Resources */ = {isa = PBXBuildFile; fileRef = 913D5E490E55644600CECEA2 /* gitx */; };
		913D5E5F0E556A9300CECEA2 /* PBCLIProxy.m in Sources */ = {isa = PBXBuildFile; fileRef = 913D5E5E0E556A9300CECEA2 /* PBCLIProxy.m */; };
		91B103CC0E898EC300C84364 /* PBIconAndTextCell.m in Sources */ = {isa = PBXBuildFile; fileRef = 91B103CB0E898EC300C84364 /* PBIconAndTextCell.m */; };
		93CB42C20EAB7B2200530609 /* PBGitDefaults.m in Sources */ = {isa = PBXBuildFile; fileRef = 93CB42C10EAB7B2200530609 /* PBGitDefaults.m */; };
		93F7857F0EA3ABF100C1F443 /* PBCommitMessageView.m in Sources */ = {isa = PBXBuildFile; fileRef = 93F7857E0EA3ABF100C1F443 /* PBCommitMessageView.m */; };
		D26DC6450E782C9000C777B2 /* gitx.icns in Resources */ = {isa = PBXBuildFile; fileRef = D26DC6440E782C9000C777B2 /* gitx.icns */; };
		EB2A734A0FEE3F09006601CF /* PBCollapsibleSplitView.m in Sources */ = {isa = PBXBuildFile; fileRef = EB2A73490FEE3F09006601CF /* PBCollapsibleSplitView.m */; };
		EB76EA3B13B4467700B00C04 /* SystemConfiguration.framework in Frameworks */ = {isa = PBXBuildFile; fileRef = EB76EA3A13B4467700B00C04 /* SystemConfiguration.framework */; };
		EB76EA7F13B446A600B00C04 /* Security.framework in Frameworks */ = {isa = PBXBuildFile; fileRef = EB76EA7E13B446A600B00C04 /* Security.framework */; };
		EB76EB6013B4CB6C00B00C04 /* QuickLook.framework in Frameworks */ = {isa = PBXBuildFile; fileRef = EB76EB5F13B4CB6C00B00C04 /* QuickLook.framework */; };
		EBC5643613B5A07600DD539A /* MainMenu.xib in Resources */ = {isa = PBXBuildFile; fileRef = EBC5643313B5A07600DD539A /* MainMenu.xib */; };
		EBC5643713B5A07600DD539A /* Preferences.xib in Resources */ = {isa = PBXBuildFile; fileRef = EBC5643413B5A07600DD539A /* Preferences.xib */; };
		EBC5643813B5A07600DD539A /* RepositoryWindow.xib in Resources */ = {isa = PBXBuildFile; fileRef = EBC5643513B5A07600DD539A /* RepositoryWindow.xib */; };
		F50A411F0EBB874C00208746 /* mainSplitterBar.tiff in Resources */ = {isa = PBXBuildFile; fileRef = F50A411D0EBB874C00208746 /* mainSplitterBar.tiff */; };
		F50A41200EBB874C00208746 /* mainSplitterDimple.tiff in Resources */ = {isa = PBXBuildFile; fileRef = F50A411E0EBB874C00208746 /* mainSplitterDimple.tiff */; };
		F50A41230EBB875D00208746 /* PBNiceSplitView.m in Sources */ = {isa = PBXBuildFile; fileRef = F50A41220EBB875D00208746 /* PBNiceSplitView.m */; };
		F50FE0E30E07BE9600854FCD /* PBGitRevisionCell.m in Sources */ = {isa = PBXBuildFile; fileRef = F50FE0E20E07BE9600854FCD /* PBGitRevisionCell.m */; };
		F513085B0E0740F2000C8BCD /* PBQLOutlineView.m in Sources */ = {isa = PBXBuildFile; fileRef = F513085A0E0740F2000C8BCD /* PBQLOutlineView.m */; };
		F5140DC90E8A8EB20091E9F3 /* RoundedRectangle.m in Sources */ = {isa = PBXBuildFile; fileRef = F5140DC80E8A8EB20091E9F3 /* RoundedRectangle.m */; };
		F523CEB60ED3399200DDD714 /* PBGitIndexController.m in Sources */ = {isa = PBXBuildFile; fileRef = F523CEB50ED3399200DDD714 /* PBGitIndexController.m */; };
		F52BCE030E84208300AA3741 /* PBGitHistoryView.xib in Resources */ = {isa = PBXBuildFile; fileRef = F52BCE020E84208300AA3741 /* PBGitHistoryView.xib */; };
		F52BCE070E84211300AA3741 /* PBGitHistoryController.m in Sources */ = {isa = PBXBuildFile; fileRef = F52BCE060E84211300AA3741 /* PBGitHistoryController.m */; };
		F53C4DF70E97FC630022AD59 /* PBGitBinary.m in Sources */ = {isa = PBXBuildFile; fileRef = F53C4DF60E97FC630022AD59 /* PBGitBinary.m */; };
		F53C4DF80E97FCA70022AD59 /* PBGitBinary.m in Sources */ = {isa = PBXBuildFile; fileRef = F53C4DF60E97FC630022AD59 /* PBGitBinary.m */; };
		F53C4DF90E97FCAD0022AD59 /* PBEasyPipe.m in Sources */ = {isa = PBXBuildFile; fileRef = F57CC3900E05DDF2000472E2 /* PBEasyPipe.m */; };
		F53FF2050E7ABB5300389171 /* PBGitRevSpecifier.m in Sources */ = {isa = PBXBuildFile; fileRef = F53FF2040E7ABB5300389171 /* PBGitRevSpecifier.m */; };
		F56174570E058893001DCD79 /* PBGitTree.m in Sources */ = {isa = PBXBuildFile; fileRef = F56174560E058893001DCD79 /* PBGitTree.m */; };
		F56244090E9684B0002B6C44 /* PBUnsortableTableHeader.m in Sources */ = {isa = PBXBuildFile; fileRef = F56244080E9684B0002B6C44 /* PBUnsortableTableHeader.m */; };
		F562C8870FE1766C000EC528 /* NSString_RegEx.m in Sources */ = {isa = PBXBuildFile; fileRef = F562C8860FE1766C000EC528 /* NSString_RegEx.m */; };
		F56524BB0E02D22D00F03B52 /* NSFileHandleExt.m in Sources */ = {isa = PBXBuildFile; fileRef = F56524B90E02D22D00F03B52 /* NSFileHandleExt.m */; };
		F56524F00E02D45200F03B52 /* PBGitCommit.m in Sources */ = {isa = PBXBuildFile; fileRef = F56524EF0E02D45200F03B52 /* PBGitCommit.m */; };
		F56526240E03D85900F03B52 /* WebKit.framework in Frameworks */ = {isa = PBXBuildFile; fileRef = F56526230E03D85900F03B52 /* WebKit.framework */; };
		F565262B0E03D89B00F03B52 /* PBWebHistoryController.m in Sources */ = {isa = PBXBuildFile; fileRef = F565262A0E03D89B00F03B52 /* PBWebHistoryController.m */; };
		F56ADDD90ED19F9E002AC78F /* AddBranchTemplate.png in Resources */ = {isa = PBXBuildFile; fileRef = F56ADDD70ED19F9E002AC78F /* AddBranchTemplate.png */; };
		F56ADDDA0ED19F9E002AC78F /* AddLabelTemplate.png in Resources */ = {isa = PBXBuildFile; fileRef = F56ADDD80ED19F9E002AC78F /* AddLabelTemplate.png */; };
		F56CC7320E65E0E5004307B4 /* PBGraphCellInfo.m in Sources */ = {isa = PBXBuildFile; fileRef = F56CC7310E65E0E5004307B4 /* PBGraphCellInfo.m */; };
		F57240BB0E9678EA00D8EE66 /* deleted_file.png in Resources */ = {isa = PBXBuildFile; fileRef = F57240BA0E9678EA00D8EE66 /* deleted_file.png */; };
		F574A2850EAE2EAC003F2CB1 /* PBRefController.m in Sources */ = {isa = PBXBuildFile; fileRef = F574A2840EAE2EAC003F2CB1 /* PBRefController.m */; };
		F574A2910EAE2FF4003F2CB1 /* PBGitConfig.m in Sources */ = {isa = PBXBuildFile; fileRef = 93FCCBA80EA8AF450061B02B /* PBGitConfig.m */; };
		F57CC3910E05DDF2000472E2 /* PBEasyPipe.m in Sources */ = {isa = PBXBuildFile; fileRef = F57CC3900E05DDF2000472E2 /* PBEasyPipe.m */; };
		F57CC4410E05E496000472E2 /* PBGitWindowController.m in Sources */ = {isa = PBXBuildFile; fileRef = F57CC4400E05E496000472E2 /* PBGitWindowController.m */; };
		F59116E60E843BB50072CCB1 /* PBGitCommitView.xib in Resources */ = {isa = PBXBuildFile; fileRef = F59116E50E843BB50072CCB1 /* PBGitCommitView.xib */; };
		F59116E90E843BCB0072CCB1 /* PBGitCommitController.m in Sources */ = {isa = PBXBuildFile; fileRef = F59116E80E843BCB0072CCB1 /* PBGitCommitController.m */; };
		F593DF780E9E636C003A8559 /* PBFileChangesTableView.m in Sources */ = {isa = PBXBuildFile; fileRef = F593DF770E9E636C003A8559 /* PBFileChangesTableView.m */; };
		F5945E170E02B0C200706420 /* PBGitRepository.m in Sources */ = {isa = PBXBuildFile; fileRef = F5945E160E02B0C200706420 /* PBGitRepository.m */; };
		F59F1DD5105C4FF300115F88 /* PBGitIndex.m in Sources */ = {isa = PBXBuildFile; fileRef = F59F1DD4105C4FF300115F88 /* PBGitIndex.m */; };
		F5AD56790E79B78100EDAAFE /* PBCommitList.m in Sources */ = {isa = PBXBuildFile; fileRef = F5AD56780E79B78100EDAAFE /* PBCommitList.m */; };
		F5C007750E731B48007B84B2 /* PBGitRef.m in Sources */ = {isa = PBXBuildFile; fileRef = F5C007740E731B48007B84B2 /* PBGitRef.m */; };
		F5C580E50EDA250900995434 /* libgit2.a in Frameworks */ = {isa = PBXBuildFile; fileRef = F5C580E40EDA250900995434 /* libgit2.a */; };
		F5C6F68D0E65FF9300478D97 /* PBGitLane.mm in Sources */ = {isa = PBXBuildFile; fileRef = F5C6F68C0E65FF9300478D97 /* PBGitLane.mm */; };
		F5DFFA6C0E075D8800617813 /* PBEasyFS.m in Sources */ = {isa = PBXBuildFile; fileRef = F5DFFA6B0E075D8800617813 /* PBEasyFS.m */; };
		F5E424110EA3E4D60046E362 /* PBDiffWindow.xib in Resources */ = {isa = PBXBuildFile; fileRef = F5E424100EA3E4D60046E362 /* PBDiffWindow.xib */; };
		F5E424150EA3E4E10046E362 /* PBDiffWindowController.m in Sources */ = {isa = PBXBuildFile; fileRef = F5E424130EA3E4E10046E362 /* PBDiffWindowController.m */; };
		F5E424180EA3E4EB0046E362 /* PBWebDiffController.m in Sources */ = {isa = PBXBuildFile; fileRef = F5E424160EA3E4EB0046E362 /* PBWebDiffController.m */; };
		F5E926060E8827D300056E75 /* PBViewController.m in Sources */ = {isa = PBXBuildFile; fileRef = F5E926050E8827D300056E75 /* PBViewController.m */; };
		F5E927F80E883E7200056E75 /* PBChangedFile.m in Sources */ = {isa = PBXBuildFile; fileRef = F5E927F70E883E7200056E75 /* PBChangedFile.m */; };
		F5E927FC0E883F0700056E75 /* PBWebChangesController.m in Sources */ = {isa = PBXBuildFile; fileRef = F5E927FB0E883F0700056E75 /* PBWebChangesController.m */; };
		F5E92A1B0E88550E00056E75 /* empty_file.png in Resources */ = {isa = PBXBuildFile; fileRef = F5E92A1A0E88550E00056E75 /* empty_file.png */; };
		F5E92A230E88569500056E75 /* new_file.png in Resources */ = {isa = PBXBuildFile; fileRef = F5E92A220E88569500056E75 /* new_file.png */; };
		F5EF8C8E0E9D4A5D0050906B /* PBWebController.m in Sources */ = {isa = PBXBuildFile; fileRef = F5EF8C8D0E9D4A5D0050906B /* PBWebController.m */; };
		F5FC41F40EBCBD4300191D80 /* PBGitXProtocol.m in Sources */ = {isa = PBXBuildFile; fileRef = F5FC41F30EBCBD4300191D80 /* PBGitXProtocol.m */; };
		F5FC43FE0EBD08EE00191D80 /* PBRefMenuItem.m in Sources */ = {isa = PBXBuildFile; fileRef = F5FC43FD0EBD08EE00191D80 /* PBRefMenuItem.m */; };
		F5FE6C030EB13BC900F30D12 /* PBServicesController.m in Sources */ = {isa = PBXBuildFile; fileRef = F5FE6C020EB13BC900F30D12 /* PBServicesController.m */; };
		F5FF4E180E0829C20006317A /* PBGitRevList.mm in Sources */ = {isa = PBXBuildFile; fileRef = F5FF4E170E0829C20006317A /* PBGitRevList.mm */; };
		F5FF4E7A0E082E440006317A /* PBGitGrapher.mm in Sources */ = {isa = PBXBuildFile; fileRef = F5FF4E790E082E440006317A /* PBGitGrapher.mm */; };
/* End PBXBuildFile section */

/* Begin PBXContainerItemProxy section */
		913D5E590E5564F400CECEA2 /* PBXContainerItemProxy */ = {
			isa = PBXContainerItemProxy;
			containerPortal = 29B97313FDCFA39411CA2CEA /* Project object */;
			proxyType = 1;
			remoteGlobalIDString = 913D5E480E55644600CECEA2;
			remoteInfo = "cli tool";
		};
/* End PBXContainerItemProxy section */

/* Begin PBXFileReference section */
		056438B60ED0C40B00985397 /* DetailViewTemplate.png */ = {isa = PBXFileReference; lastKnownFileType = image.png; name = DetailViewTemplate.png; path = Images/DetailViewTemplate.png; sourceTree = "<group>"; };
		1058C7A1FEA54F0111CA2CBB /* Cocoa.framework */ = {isa = PBXFileReference; lastKnownFileType = wrapper.framework; name = Cocoa.framework; path = /System/Library/Frameworks/Cocoa.framework; sourceTree = "<absolute>"; };
		29B97316FDCFA39411CA2CEA /* main.m */ = {isa = PBXFileReference; fileEncoding = 4; lastKnownFileType = sourcecode.c.objc; path = main.m; sourceTree = "<group>"; };
		32CA4F630368D1EE00C91783 /* GitX-Prefix.pch */ = {isa = PBXFileReference; fileEncoding = 4; lastKnownFileType = sourcecode.c.h; path = GitX-Prefix.pch; sourceTree = "<group>"; };
		3BC07F4A0ED5A5C5009A7768 /* HistoryViewTemplate.png */ = {isa = PBXFileReference; lastKnownFileType = image.png; name = HistoryViewTemplate.png; path = Images/HistoryViewTemplate.png; sourceTree = "<group>"; };
		3BC07F4B0ED5A5C5009A7768 /* CommitViewTemplate.png */ = {isa = PBXFileReference; lastKnownFileType = image.png; name = CommitViewTemplate.png; path = Images/CommitViewTemplate.png; sourceTree = "<group>"; };
		47DBDB560E94EDE700671A1E /* DBPrefsWindowController.h */ = {isa = PBXFileReference; fileEncoding = 4; lastKnownFileType = sourcecode.c.h; name = DBPrefsWindowController.h; path = Classes/DBPrefsWindowController.h; sourceTree = "<group>"; };
		47DBDB570E94EDE700671A1E /* DBPrefsWindowController.m */ = {isa = PBXFileReference; fileEncoding = 4; lastKnownFileType = sourcecode.c.objc; name = DBPrefsWindowController.m; path = Classes/DBPrefsWindowController.m; sourceTree = "<group>"; };
		47DBDB650E94EE8B00671A1E /* PBPrefsWindowController.h */ = {isa = PBXFileReference; fileEncoding = 4; lastKnownFileType = sourcecode.c.h; name = PBPrefsWindowController.h; path = Classes/PBPrefsWindowController.h; sourceTree = "<group>"; };
		47DBDB660E94EE8B00671A1E /* PBPrefsWindowController.m */ = {isa = PBXFileReference; fileEncoding = 4; lastKnownFileType = sourcecode.c.objc; name = PBPrefsWindowController.m; path = Classes/PBPrefsWindowController.m; sourceTree = "<group>"; };
		47DBDBB00E94F6CA00671A1E /* Updates.png */ = {isa = PBXFileReference; lastKnownFileType = image.png; name = Updates.png; path = Images/Preferences/Updates.png; sourceTree = "<group>"; };
		47DBDBC80E95016F00671A1E /* PBNSURLPathUserDefaultsTransfomer.h */ = {isa = PBXFileReference; fileEncoding = 4; lastKnownFileType = sourcecode.c.h; name = PBNSURLPathUserDefaultsTransfomer.h; path = Classes/PBNSURLPathUserDefaultsTransfomer.h; sourceTree = "<group>"; };
		47DBDBC90E95016F00671A1E /* PBNSURLPathUserDefaultsTransfomer.m */ = {isa = PBXFileReference; fileEncoding = 4; lastKnownFileType = sourcecode.c.objc; name = PBNSURLPathUserDefaultsTransfomer.m; path = Classes/PBNSURLPathUserDefaultsTransfomer.m; sourceTree = "<group>"; };
		77C8280B06725ACE000B614F /* ApplicationController.h */ = {isa = PBXFileReference; fileEncoding = 4; lastKnownFileType = sourcecode.c.h; name = ApplicationController.h; path = Classes/ApplicationController.h; sourceTree = "<group>"; };
		77C8280C06725ACE000B614F /* ApplicationController.m */ = {isa = PBXFileReference; fileEncoding = 4; lastKnownFileType = sourcecode.c.objc; name = ApplicationController.m; path = Classes/ApplicationController.m; sourceTree = "<group>"; };
		8D1107310486CEB800E47090 /* Info.plist */ = {isa = PBXFileReference; fileEncoding = 4; lastKnownFileType = text.plist; path = Info.plist; sourceTree = "<group>"; };
		8D1107320486CEB800E47090 /* GitX.app */ = {isa = PBXFileReference; explicitFileType = wrapper.application; includeInIndex = 0; path = GitX.app; sourceTree = BUILT_PRODUCTS_DIR; };
		911111F60E594F3F00BF76B4 /* PBRepositoryDocumentController.h */ = {isa = PBXFileReference; fileEncoding = 4; lastKnownFileType = sourcecode.c.h; name = PBRepositoryDocumentController.h; path = Classes/PBRepositoryDocumentController.h; sourceTree = "<group>"; };
		911111F70E594F3F00BF76B4 /* PBRepositoryDocumentController.m */ = {isa = PBXFileReference; fileEncoding = 4; lastKnownFileType = sourcecode.c.objc; name = PBRepositoryDocumentController.m; path = Classes/PBRepositoryDocumentController.m; sourceTree = "<group>"; };
		913D5E440E55640C00CECEA2 /* gitx.m */ = {isa = PBXFileReference; fileEncoding = 4; lastKnownFileType = sourcecode.c.objc; path = gitx.m; sourceTree = "<group>"; };
		913D5E490E55644600CECEA2 /* gitx */ = {isa = PBXFileReference; explicitFileType = "compiled.mach-o.executable"; includeInIndex = 0; path = gitx; sourceTree = BUILT_PRODUCTS_DIR; };
		913D5E5D0E556A9300CECEA2 /* PBCLIProxy.h */ = {isa = PBXFileReference; fileEncoding = 4; lastKnownFileType = sourcecode.c.h; name = PBCLIProxy.h; path = Classes/PBCLIProxy.h; sourceTree = "<group>"; };
		913D5E5E0E556A9300CECEA2 /* PBCLIProxy.m */ = {isa = PBXFileReference; fileEncoding = 4; lastKnownFileType = sourcecode.c.objc; name = PBCLIProxy.m; path = Classes/PBCLIProxy.m; sourceTree = "<group>"; };
		91B103CA0E898EC300C84364 /* PBIconAndTextCell.h */ = {isa = PBXFileReference; fileEncoding = 4; lastKnownFileType = sourcecode.c.h; name = PBIconAndTextCell.h; path = Classes/PBIconAndTextCell.h; sourceTree = "<group>"; };
		91B103CB0E898EC300C84364 /* PBIconAndTextCell.m */ = {isa = PBXFileReference; fileEncoding = 4; lastKnownFileType = sourcecode.c.objc; name = PBIconAndTextCell.m; path = Classes/PBIconAndTextCell.m; sourceTree = "<group>"; };
		93CB42C00EAB7B2200530609 /* PBGitDefaults.h */ = {isa = PBXFileReference; fileEncoding = 4; lastKnownFileType = sourcecode.c.h; name = PBGitDefaults.h; path = Classes/PBGitDefaults.h; sourceTree = "<group>"; };
		93CB42C10EAB7B2200530609 /* PBGitDefaults.m */ = {isa = PBXFileReference; fileEncoding = 4; lastKnownFileType = sourcecode.c.objc; name = PBGitDefaults.m; path = Classes/PBGitDefaults.m; sourceTree = "<group>"; };
		93F7857D0EA3ABF100C1F443 /* PBCommitMessageView.h */ = {isa = PBXFileReference; fileEncoding = 4; lastKnownFileType = sourcecode.c.h; name = PBCommitMessageView.h; path = Classes/PBCommitMessageView.h; sourceTree = "<group>"; };
		93F7857E0EA3ABF100C1F443 /* PBCommitMessageView.m */ = {isa = PBXFileReference; fileEncoding = 4; lastKnownFileType = sourcecode.c.objc; name = PBCommitMessageView.m; path = Classes/PBCommitMessageView.m; sourceTree = "<group>"; };
		93FCCBA80EA8AF450061B02B /* PBGitConfig.m */ = {isa = PBXFileReference; fileEncoding = 4; lastKnownFileType = sourcecode.c.objc; name = PBGitConfig.m; path = Classes/PBGitConfig.m; sourceTree = "<group>"; };
		D26DC6440E782C9000C777B2 /* gitx.icns */ = {isa = PBXFileReference; lastKnownFileType = image.icns; path = gitx.icns; sourceTree = "<group>"; };
		EB2A73480FEE3F09006601CF /* PBCollapsibleSplitView.h */ = {isa = PBXFileReference; fileEncoding = 4; lastKnownFileType = sourcecode.c.h; name = PBCollapsibleSplitView.h; path = Classes/PBCollapsibleSplitView.h; sourceTree = "<group>"; };
		EB2A73490FEE3F09006601CF /* PBCollapsibleSplitView.m */ = {isa = PBXFileReference; fileEncoding = 4; lastKnownFileType = sourcecode.c.objc; name = PBCollapsibleSplitView.m; path = Classes/PBCollapsibleSplitView.m; sourceTree = "<group>"; };
		EB76EA3A13B4467700B00C04 /* SystemConfiguration.framework */ = {isa = PBXFileReference; lastKnownFileType = wrapper.framework; name = SystemConfiguration.framework; path = System/Library/Frameworks/SystemConfiguration.framework; sourceTree = SDKROOT; };
		EB76EA7E13B446A600B00C04 /* Security.framework */ = {isa = PBXFileReference; lastKnownFileType = wrapper.framework; name = Security.framework; path = System/Library/Frameworks/Security.framework; sourceTree = SDKROOT; };
		EB76EB5F13B4CB6C00B00C04 /* QuickLook.framework */ = {isa = PBXFileReference; lastKnownFileType = wrapper.framework; name = QuickLook.framework; path = System/Library/Frameworks/QuickLook.framework; sourceTree = SDKROOT; };
		EBC5643313B5A07600DD539A /* MainMenu.xib */ = {isa = PBXFileReference; lastKnownFileType = file.xib; path = MainMenu.xib; sourceTree = "<group>"; };
		EBC5643413B5A07600DD539A /* Preferences.xib */ = {isa = PBXFileReference; lastKnownFileType = file.xib; path = Preferences.xib; sourceTree = "<group>"; };
		EBC5643513B5A07600DD539A /* RepositoryWindow.xib */ = {isa = PBXFileReference; lastKnownFileType = file.xib; path = RepositoryWindow.xib; sourceTree = "<group>"; };
		F50A411D0EBB874C00208746 /* mainSplitterBar.tiff */ = {isa = PBXFileReference; lastKnownFileType = image.tiff; name = mainSplitterBar.tiff; path = Images/mainSplitterBar.tiff; sourceTree = "<group>"; };
		F50A411E0EBB874C00208746 /* mainSplitterDimple.tiff */ = {isa = PBXFileReference; lastKnownFileType = image.tiff; name = mainSplitterDimple.tiff; path = Images/mainSplitterDimple.tiff; sourceTree = "<group>"; };
		F50A41210EBB875D00208746 /* PBNiceSplitView.h */ = {isa = PBXFileReference; fileEncoding = 4; lastKnownFileType = sourcecode.c.h; name = PBNiceSplitView.h; path = Classes/PBNiceSplitView.h; sourceTree = "<group>"; };
		F50A41220EBB875D00208746 /* PBNiceSplitView.m */ = {isa = PBXFileReference; fileEncoding = 4; lastKnownFileType = sourcecode.c.objc; name = PBNiceSplitView.m; path = Classes/PBNiceSplitView.m; sourceTree = "<group>"; };
		F50FE0E10E07BE9600854FCD /* PBGitRevisionCell.h */ = {isa = PBXFileReference; fileEncoding = 4; lastKnownFileType = sourcecode.c.h; name = PBGitRevisionCell.h; path = Classes/PBGitRevisionCell.h; sourceTree = "<group>"; };
		F50FE0E20E07BE9600854FCD /* PBGitRevisionCell.m */ = {isa = PBXFileReference; fileEncoding = 4; lastKnownFileType = sourcecode.c.objc; name = PBGitRevisionCell.m; path = Classes/PBGitRevisionCell.m; sourceTree = "<group>"; };
		F51308590E0740F2000C8BCD /* PBQLOutlineView.h */ = {isa = PBXFileReference; fileEncoding = 4; lastKnownFileType = sourcecode.c.h; name = PBQLOutlineView.h; path = Classes/PBQLOutlineView.h; sourceTree = "<group>"; };
		F513085A0E0740F2000C8BCD /* PBQLOutlineView.m */ = {isa = PBXFileReference; fileEncoding = 4; lastKnownFileType = sourcecode.c.objc; name = PBQLOutlineView.m; path = Classes/PBQLOutlineView.m; sourceTree = "<group>"; };
		F5140DC70E8A8EB20091E9F3 /* RoundedRectangle.h */ = {isa = PBXFileReference; fileEncoding = 4; lastKnownFileType = sourcecode.c.h; name = RoundedRectangle.h; path = Classes/RoundedRectangle.h; sourceTree = "<group>"; };
		F5140DC80E8A8EB20091E9F3 /* RoundedRectangle.m */ = {isa = PBXFileReference; fileEncoding = 4; lastKnownFileType = sourcecode.c.objc; name = RoundedRectangle.m; path = Classes/RoundedRectangle.m; sourceTree = "<group>"; };
		F523CEB40ED3399100DDD714 /* PBGitIndexController.h */ = {isa = PBXFileReference; fileEncoding = 4; lastKnownFileType = sourcecode.c.h; name = PBGitIndexController.h; path = Classes/PBGitIndexController.h; sourceTree = "<group>"; };
		F523CEB50ED3399200DDD714 /* PBGitIndexController.m */ = {isa = PBXFileReference; fileEncoding = 4; lastKnownFileType = sourcecode.c.objc; name = PBGitIndexController.m; path = Classes/PBGitIndexController.m; sourceTree = "<group>"; };
		F52BCE020E84208300AA3741 /* PBGitHistoryView.xib */ = {isa = PBXFileReference; lastKnownFileType = file.xib; path = PBGitHistoryView.xib; sourceTree = "<group>"; };
		F52BCE050E84211300AA3741 /* PBGitHistoryController.h */ = {isa = PBXFileReference; fileEncoding = 4; lastKnownFileType = sourcecode.c.h; name = PBGitHistoryController.h; path = Classes/PBGitHistoryController.h; sourceTree = "<group>"; };
		F52BCE060E84211300AA3741 /* PBGitHistoryController.m */ = {isa = PBXFileReference; fileEncoding = 4; lastKnownFileType = sourcecode.c.objc; name = PBGitHistoryController.m; path = Classes/PBGitHistoryController.m; sourceTree = "<group>"; };
		F53C4DF50E97FC630022AD59 /* PBGitBinary.h */ = {isa = PBXFileReference; fileEncoding = 4; lastKnownFileType = sourcecode.c.h; name = PBGitBinary.h; path = Classes/PBGitBinary.h; sourceTree = "<group>"; };
		F53C4DF60E97FC630022AD59 /* PBGitBinary.m */ = {isa = PBXFileReference; fileEncoding = 4; lastKnownFileType = sourcecode.c.objc; name = PBGitBinary.m; path = Classes/PBGitBinary.m; sourceTree = "<group>"; };
		F53EE3590E06BBA00022B925 /* CWQuickLook.h */ = {isa = PBXFileReference; fileEncoding = 4; lastKnownFileType = sourcecode.c.h; name = CWQuickLook.h; path = Classes/CWQuickLook.h; sourceTree = "<group>"; };
		F53FF2030E7ABB5300389171 /* PBGitRevSpecifier.h */ = {isa = PBXFileReference; fileEncoding = 4; lastKnownFileType = sourcecode.c.h; name = PBGitRevSpecifier.h; path = Classes/PBGitRevSpecifier.h; sourceTree = "<group>"; };
		F53FF2040E7ABB5300389171 /* PBGitRevSpecifier.m */ = {isa = PBXFileReference; fileEncoding = 4; lastKnownFileType = sourcecode.c.objc; name = PBGitRevSpecifier.m; path = Classes/PBGitRevSpecifier.m; sourceTree = "<group>"; };
		F56174550E058893001DCD79 /* PBGitTree.h */ = {isa = PBXFileReference; fileEncoding = 4; lastKnownFileType = sourcecode.c.h; name = PBGitTree.h; path = Classes/PBGitTree.h; sourceTree = "<group>"; };
		F56174560E058893001DCD79 /* PBGitTree.m */ = {isa = PBXFileReference; fileEncoding = 4; lastKnownFileType = sourcecode.c.objc; name = PBGitTree.m; path = Classes/PBGitTree.m; sourceTree = "<group>"; };
		F56244070E9684B0002B6C44 /* PBUnsortableTableHeader.h */ = {isa = PBXFileReference; fileEncoding = 4; lastKnownFileType = sourcecode.c.h; name = PBUnsortableTableHeader.h; path = Classes/PBUnsortableTableHeader.h; sourceTree = "<group>"; };
		F56244080E9684B0002B6C44 /* PBUnsortableTableHeader.m */ = {isa = PBXFileReference; fileEncoding = 4; lastKnownFileType = sourcecode.c.objc; name = PBUnsortableTableHeader.m; path = Classes/PBUnsortableTableHeader.m; sourceTree = "<group>"; };
		F562C8850FE1766C000EC528 /* NSString_RegEx.h */ = {isa = PBXFileReference; fileEncoding = 4; lastKnownFileType = sourcecode.c.h; name = NSString_RegEx.h; path = Classes/NSString_RegEx.h; sourceTree = "<group>"; };
		F562C8860FE1766C000EC528 /* NSString_RegEx.m */ = {isa = PBXFileReference; fileEncoding = 4; lastKnownFileType = sourcecode.c.objc; name = NSString_RegEx.m; path = Classes/NSString_RegEx.m; sourceTree = "<group>"; };
		F56524B90E02D22D00F03B52 /* NSFileHandleExt.m */ = {isa = PBXFileReference; fileEncoding = 4; lastKnownFileType = sourcecode.c.objc; name = NSFileHandleExt.m; path = Classes/NSFileHandleExt.m; sourceTree = "<group>"; };
		F56524BA0E02D22D00F03B52 /* NSFileHandleExt.h */ = {isa = PBXFileReference; fileEncoding = 4; lastKnownFileType = sourcecode.c.h; name = NSFileHandleExt.h; path = Classes/NSFileHandleExt.h; sourceTree = "<group>"; };
		F56524EE0E02D45200F03B52 /* PBGitCommit.h */ = {isa = PBXFileReference; fileEncoding = 4; lastKnownFileType = sourcecode.c.h; name = PBGitCommit.h; path = Classes/PBGitCommit.h; sourceTree = "<group>"; };
		F56524EF0E02D45200F03B52 /* PBGitCommit.m */ = {isa = PBXFileReference; fileEncoding = 4; lastKnownFileType = sourcecode.c.objc; name = PBGitCommit.m; path = Classes/PBGitCommit.m; sourceTree = "<group>"; };
		F56526230E03D85900F03B52 /* WebKit.framework */ = {isa = PBXFileReference; lastKnownFileType = wrapper.framework; name = WebKit.framework; path = /System/Library/Frameworks/WebKit.framework; sourceTree = "<absolute>"; };
		F56526290E03D89B00F03B52 /* PBWebHistoryController.h */ = {isa = PBXFileReference; fileEncoding = 4; lastKnownFileType = sourcecode.c.h; name = PBWebHistoryController.h; path = Classes/PBWebHistoryController.h; sourceTree = "<group>"; };
		F565262A0E03D89B00F03B52 /* PBWebHistoryController.m */ = {isa = PBXFileReference; fileEncoding = 4; lastKnownFileType = sourcecode.c.objc; name = PBWebHistoryController.m; path = Classes/PBWebHistoryController.m; sourceTree = "<group>"; };
		F56ADDD70ED19F9E002AC78F /* AddBranchTemplate.png */ = {isa = PBXFileReference; lastKnownFileType = image.png; name = AddBranchTemplate.png; path = Images/AddBranchTemplate.png; sourceTree = "<group>"; };
		F56ADDD80ED19F9E002AC78F /* AddLabelTemplate.png */ = {isa = PBXFileReference; lastKnownFileType = image.png; name = AddLabelTemplate.png; path = Images/AddLabelTemplate.png; sourceTree = "<group>"; };
		F56CC7270E65E0AD004307B4 /* PBGitGraphLine.h */ = {isa = PBXFileReference; fileEncoding = 4; lastKnownFileType = sourcecode.c.h; name = PBGitGraphLine.h; path = Classes/PBGitGraphLine.h; sourceTree = "<group>"; };
		F56CC7300E65E0E5004307B4 /* PBGraphCellInfo.h */ = {isa = PBXFileReference; fileEncoding = 4; lastKnownFileType = sourcecode.c.h; name = PBGraphCellInfo.h; path = Classes/PBGraphCellInfo.h; sourceTree = "<group>"; };
		F56CC7310E65E0E5004307B4 /* PBGraphCellInfo.m */ = {isa = PBXFileReference; fileEncoding = 4; lastKnownFileType = sourcecode.c.objc; name = PBGraphCellInfo.m; path = Classes/PBGraphCellInfo.m; sourceTree = "<group>"; };
		F57240BA0E9678EA00D8EE66 /* deleted_file.png */ = {isa = PBXFileReference; lastKnownFileType = image.png; name = deleted_file.png; path = Images/deleted_file.png; sourceTree = "<group>"; };
		F574A2830EAE2EAC003F2CB1 /* PBRefController.h */ = {isa = PBXFileReference; fileEncoding = 4; lastKnownFileType = sourcecode.c.h; name = PBRefController.h; path = Classes/PBRefController.h; sourceTree = "<group>"; };
		F574A2840EAE2EAC003F2CB1 /* PBRefController.m */ = {isa = PBXFileReference; fileEncoding = 4; lastKnownFileType = sourcecode.c.objc; name = PBRefController.m; path = Classes/PBRefController.m; sourceTree = "<group>"; };
		F57CC38F0E05DDF2000472E2 /* PBEasyPipe.h */ = {isa = PBXFileReference; fileEncoding = 4; lastKnownFileType = sourcecode.c.h; name = PBEasyPipe.h; path = Classes/PBEasyPipe.h; sourceTree = "<group>"; };
		F57CC3900E05DDF2000472E2 /* PBEasyPipe.m */ = {isa = PBXFileReference; fileEncoding = 4; lastKnownFileType = sourcecode.c.objc; name = PBEasyPipe.m; path = Classes/PBEasyPipe.m; sourceTree = "<group>"; };
		F57CC43F0E05E496000472E2 /* PBGitWindowController.h */ = {isa = PBXFileReference; fileEncoding = 4; lastKnownFileType = sourcecode.c.h; name = PBGitWindowController.h; path = Classes/PBGitWindowController.h; sourceTree = "<group>"; };
		F57CC4400E05E496000472E2 /* PBGitWindowController.m */ = {isa = PBXFileReference; fileEncoding = 4; lastKnownFileType = sourcecode.c.objc; name = PBGitWindowController.m; path = Classes/PBGitWindowController.m; sourceTree = "<group>"; };
		F59116E50E843BB50072CCB1 /* PBGitCommitView.xib */ = {isa = PBXFileReference; lastKnownFileType = file.xib; path = PBGitCommitView.xib; sourceTree = "<group>"; };
		F59116E70E843BCB0072CCB1 /* PBGitCommitController.h */ = {isa = PBXFileReference; fileEncoding = 4; lastKnownFileType = sourcecode.c.h; name = PBGitCommitController.h; path = Classes/PBGitCommitController.h; sourceTree = "<group>"; };
		F59116E80E843BCB0072CCB1 /* PBGitCommitController.m */ = {isa = PBXFileReference; fileEncoding = 4; lastKnownFileType = sourcecode.c.objc; name = PBGitCommitController.m; path = Classes/PBGitCommitController.m; sourceTree = "<group>"; };
		F593DF760E9E636C003A8559 /* PBFileChangesTableView.h */ = {isa = PBXFileReference; fileEncoding = 4; lastKnownFileType = sourcecode.c.h; name = PBFileChangesTableView.h; path = Classes/PBFileChangesTableView.h; sourceTree = "<group>"; };
		F593DF770E9E636C003A8559 /* PBFileChangesTableView.m */ = {isa = PBXFileReference; fileEncoding = 4; lastKnownFileType = sourcecode.c.objc; name = PBFileChangesTableView.m; path = Classes/PBFileChangesTableView.m; sourceTree = "<group>"; };
		F5945E150E02B0C200706420 /* PBGitRepository.h */ = {isa = PBXFileReference; fileEncoding = 4; lastKnownFileType = sourcecode.c.h; name = PBGitRepository.h; path = Classes/PBGitRepository.h; sourceTree = "<group>"; };
		F5945E160E02B0C200706420 /* PBGitRepository.m */ = {isa = PBXFileReference; fileEncoding = 4; lastKnownFileType = sourcecode.c.objc; name = PBGitRepository.m; path = Classes/PBGitRepository.m; sourceTree = "<group>"; };
		F59F1DD3105C4FF300115F88 /* PBGitIndex.h */ = {isa = PBXFileReference; fileEncoding = 4; lastKnownFileType = sourcecode.c.h; name = PBGitIndex.h; path = Classes/PBGitIndex.h; sourceTree = "<group>"; };
		F59F1DD4105C4FF300115F88 /* PBGitIndex.m */ = {isa = PBXFileReference; fileEncoding = 4; lastKnownFileType = sourcecode.c.objc; name = PBGitIndex.m; path = Classes/PBGitIndex.m; sourceTree = "<group>"; };
		F5AD56770E79B78100EDAAFE /* PBCommitList.h */ = {isa = PBXFileReference; fileEncoding = 4; lastKnownFileType = sourcecode.c.h; name = PBCommitList.h; path = Classes/PBCommitList.h; sourceTree = "<group>"; };
		F5AD56780E79B78100EDAAFE /* PBCommitList.m */ = {isa = PBXFileReference; fileEncoding = 4; lastKnownFileType = sourcecode.c.objc; name = PBCommitList.m; path = Classes/PBCommitList.m; sourceTree = "<group>"; };
		F5C007730E731B48007B84B2 /* PBGitRef.h */ = {isa = PBXFileReference; fileEncoding = 4; lastKnownFileType = sourcecode.c.h; name = PBGitRef.h; path = Classes/PBGitRef.h; sourceTree = "<group>"; };
		F5C007740E731B48007B84B2 /* PBGitRef.m */ = {isa = PBXFileReference; fileEncoding = 4; lastKnownFileType = sourcecode.c.objc; name = PBGitRef.m; path = Classes/PBGitRef.m; sourceTree = "<group>"; };
		F5C580E40EDA250900995434 /* libgit2.a */ = {isa = PBXFileReference; lastKnownFileType = archive.ar; name = libgit2.a; path = libgit2/build/static/libgit2.a; sourceTree = "<group>"; };
		F5C6F68B0E65FF9300478D97 /* PBGitLane.h */ = {isa = PBXFileReference; fileEncoding = 4; lastKnownFileType = sourcecode.c.h; name = PBGitLane.h; path = Classes/PBGitLane.h; sourceTree = "<group>"; };
		F5C6F68C0E65FF9300478D97 /* PBGitLane.mm */ = {isa = PBXFileReference; fileEncoding = 4; lastKnownFileType = sourcecode.cpp.objcpp; name = PBGitLane.mm; path = Classes/PBGitLane.mm; sourceTree = "<group>"; };
		F5D2DC850EA401A80034AD24 /* PBGitConfig.h */ = {isa = PBXFileReference; fileEncoding = 4; lastKnownFileType = sourcecode.c.h; name = PBGitConfig.h; path = Classes/PBGitConfig.h; sourceTree = "<group>"; };
		F5D619ED0EAE62EA00341D73 /* html */ = {isa = PBXFileReference; includeInIndex = 0; lastKnownFileType = folder; path = html; sourceTree = "<group>"; };
		F5DFFA6A0E075D8800617813 /* PBEasyFS.h */ = {isa = PBXFileReference; fileEncoding = 4; lastKnownFileType = sourcecode.c.h; name = PBEasyFS.h; path = Classes/PBEasyFS.h; sourceTree = "<group>"; };
		F5DFFA6B0E075D8800617813 /* PBEasyFS.m */ = {isa = PBXFileReference; fileEncoding = 4; lastKnownFileType = sourcecode.c.objc; name = PBEasyFS.m; path = Classes/PBEasyFS.m; sourceTree = "<group>"; };
		F5E424100EA3E4D60046E362 /* PBDiffWindow.xib */ = {isa = PBXFileReference; lastKnownFileType = file.xib; path = PBDiffWindow.xib; sourceTree = "<group>"; };
		F5E424130EA3E4E10046E362 /* PBDiffWindowController.m */ = {isa = PBXFileReference; fileEncoding = 4; lastKnownFileType = sourcecode.c.objc; name = PBDiffWindowController.m; path = Classes/PBDiffWindowController.m; sourceTree = "<group>"; };
		F5E424140EA3E4E10046E362 /* PBDiffWindowController.h */ = {isa = PBXFileReference; fileEncoding = 4; lastKnownFileType = sourcecode.c.h; name = PBDiffWindowController.h; path = Classes/PBDiffWindowController.h; sourceTree = "<group>"; };
		F5E424160EA3E4EB0046E362 /* PBWebDiffController.m */ = {isa = PBXFileReference; fileEncoding = 4; lastKnownFileType = sourcecode.c.objc; name = PBWebDiffController.m; path = Classes/PBWebDiffController.m; sourceTree = "<group>"; };
		F5E424170EA3E4EB0046E362 /* PBWebDiffController.h */ = {isa = PBXFileReference; fileEncoding = 4; lastKnownFileType = sourcecode.c.h; name = PBWebDiffController.h; path = Classes/PBWebDiffController.h; sourceTree = "<group>"; };
		F5E926040E8827D300056E75 /* PBViewController.h */ = {isa = PBXFileReference; fileEncoding = 4; lastKnownFileType = sourcecode.c.h; name = PBViewController.h; path = Classes/PBViewController.h; sourceTree = "<group>"; };
		F5E926050E8827D300056E75 /* PBViewController.m */ = {isa = PBXFileReference; fileEncoding = 4; lastKnownFileType = sourcecode.c.objc; name = PBViewController.m; path = Classes/PBViewController.m; sourceTree = "<group>"; };
		F5E927F60E883E7200056E75 /* PBChangedFile.h */ = {isa = PBXFileReference; fileEncoding = 4; lastKnownFileType = sourcecode.c.h; name = PBChangedFile.h; path = Classes/PBChangedFile.h; sourceTree = "<group>"; };
		F5E927F70E883E7200056E75 /* PBChangedFile.m */ = {isa = PBXFileReference; fileEncoding = 4; lastKnownFileType = sourcecode.c.objc; name = PBChangedFile.m; path = Classes/PBChangedFile.m; sourceTree = "<group>"; };
		F5E927FA0E883F0700056E75 /* PBWebChangesController.h */ = {isa = PBXFileReference; fileEncoding = 4; lastKnownFileType = sourcecode.c.h; name = PBWebChangesController.h; path = Classes/PBWebChangesController.h; sourceTree = "<group>"; };
		F5E927FB0E883F0700056E75 /* PBWebChangesController.m */ = {isa = PBXFileReference; fileEncoding = 4; lastKnownFileType = sourcecode.c.objc; name = PBWebChangesController.m; path = Classes/PBWebChangesController.m; sourceTree = "<group>"; };
		F5E92A1A0E88550E00056E75 /* empty_file.png */ = {isa = PBXFileReference; lastKnownFileType = image.png; name = empty_file.png; path = Images/empty_file.png; sourceTree = "<group>"; };
		F5E92A220E88569500056E75 /* new_file.png */ = {isa = PBXFileReference; lastKnownFileType = image.png; name = new_file.png; path = Images/new_file.png; sourceTree = "<group>"; };
		F5EF8C8C0E9D4A5D0050906B /* PBWebController.h */ = {isa = PBXFileReference; fileEncoding = 4; lastKnownFileType = sourcecode.c.h; name = PBWebController.h; path = Classes/PBWebController.h; sourceTree = "<group>"; };
		F5EF8C8D0E9D4A5D0050906B /* PBWebController.m */ = {isa = PBXFileReference; fileEncoding = 4; lastKnownFileType = sourcecode.c.objc; name = PBWebController.m; path = Classes/PBWebController.m; sourceTree = "<group>"; };
		F5FC41F20EBCBD4300191D80 /* PBGitXProtocol.h */ = {isa = PBXFileReference; fileEncoding = 4; lastKnownFileType = sourcecode.c.h; name = PBGitXProtocol.h; path = Classes/PBGitXProtocol.h; sourceTree = "<group>"; };
		F5FC41F30EBCBD4300191D80 /* PBGitXProtocol.m */ = {isa = PBXFileReference; fileEncoding = 4; lastKnownFileType = sourcecode.c.objc; name = PBGitXProtocol.m; path = Classes/PBGitXProtocol.m; sourceTree = "<group>"; };
		F5FC43C30EBD050800191D80 /* PBRefContextDelegate.h */ = {isa = PBXFileReference; fileEncoding = 4; lastKnownFileType = sourcecode.c.h; name = PBRefContextDelegate.h; path = Classes/PBRefContextDelegate.h; sourceTree = "<group>"; };
		F5FC43FC0EBD08EE00191D80 /* PBRefMenuItem.h */ = {isa = PBXFileReference; fileEncoding = 4; lastKnownFileType = sourcecode.c.h; name = PBRefMenuItem.h; path = Classes/PBRefMenuItem.h; sourceTree = "<group>"; };
		F5FC43FD0EBD08EE00191D80 /* PBRefMenuItem.m */ = {isa = PBXFileReference; fileEncoding = 4; lastKnownFileType = sourcecode.c.objc; name = PBRefMenuItem.m; path = Classes/PBRefMenuItem.m; sourceTree = "<group>"; };
		F5FE6C010EB13BC900F30D12 /* PBServicesController.h */ = {isa = PBXFileReference; fileEncoding = 4; lastKnownFileType = sourcecode.c.h; name = PBServicesController.h; path = Classes/PBServicesController.h; sourceTree = "<group>"; };
		F5FE6C020EB13BC900F30D12 /* PBServicesController.m */ = {isa = PBXFileReference; fileEncoding = 4; lastKnownFileType = sourcecode.c.objc; name = PBServicesController.m; path = Classes/PBServicesController.m; sourceTree = "<group>"; };
		F5FF4E160E0829C20006317A /* PBGitRevList.h */ = {isa = PBXFileReference; fileEncoding = 4; lastKnownFileType = sourcecode.c.h; name = PBGitRevList.h; path = Classes/PBGitRevList.h; sourceTree = "<group>"; };
		F5FF4E170E0829C20006317A /* PBGitRevList.mm */ = {isa = PBXFileReference; fileEncoding = 4; lastKnownFileType = sourcecode.cpp.objcpp; name = PBGitRevList.mm; path = Classes/PBGitRevList.mm; sourceTree = "<group>"; };
		F5FF4E780E082E440006317A /* PBGitGrapher.h */ = {isa = PBXFileReference; fileEncoding = 4; lastKnownFileType = sourcecode.c.h; name = PBGitGrapher.h; path = Classes/PBGitGrapher.h; sourceTree = "<group>"; };
		F5FF4E790E082E440006317A /* PBGitGrapher.mm */ = {isa = PBXFileReference; fileEncoding = 4; lastKnownFileType = sourcecode.cpp.objcpp; name = PBGitGrapher.mm; path = Classes/PBGitGrapher.mm; sourceTree = "<group>"; };
/* End PBXFileReference section */

/* Begin PBXFrameworksBuildPhase section */
		8D11072E0486CEB800E47090 /* Frameworks */ = {
			isa = PBXFrameworksBuildPhase;
			buildActionMask = 2147483647;
			files = (
				F5C580E50EDA250900995434 /* libgit2.a in Frameworks */,
				8D11072F0486CEB800E47090 /* Cocoa.framework in Frameworks */,
				F56526240E03D85900F03B52 /* WebKit.framework in Frameworks */,
				EB76EA3B13B4467700B00C04 /* SystemConfiguration.framework in Frameworks */,
				EB76EA7F13B446A600B00C04 /* Security.framework in Frameworks */,
				EB76EB6013B4CB6C00B00C04 /* QuickLook.framework in Frameworks */,
			);
			runOnlyForDeploymentPostprocessing = 0;
		};
		913D5E470E55644600CECEA2 /* Frameworks */ = {
			isa = PBXFrameworksBuildPhase;
			buildActionMask = 2147483647;
			files = (
			);
			runOnlyForDeploymentPostprocessing = 0;
		};
/* End PBXFrameworksBuildPhase section */

/* Begin PBXGroup section */
		19C28FACFE9D520D11CA2CBB /* Products */ = {
			isa = PBXGroup;
			children = (
				8D1107320486CEB800E47090 /* GitX.app */,
				913D5E490E55644600CECEA2 /* gitx */,
			);
			name = Products;
			sourceTree = "<group>";
		};
		29B97314FDCFA39411CA2CEA /* GitTest */ = {
			isa = PBXGroup;
			children = (
				913D5E420E5563FD00CECEA2 /* cli */,
				F57CC43E0E05E472000472E2 /* Aux */,
				F57CC3850E05DDC1000472E2 /* Controllers */,
				F56174540E05887E001DCD79 /* Git */,
				F5D619ED0EAE62EA00341D73 /* html */,
				29B97315FDCFA39411CA2CEA /* Other Sources */,
				29B97317FDCFA39411CA2CEA /* Resources */,
				29B97323FDCFA39411CA2CEA /* Frameworks */,
				19C28FACFE9D520D11CA2CBB /* Products */,
			);
			name = GitTest;
			sourceTree = "<group>";
		};
		29B97315FDCFA39411CA2CEA /* Other Sources */ = {
			isa = PBXGroup;
			children = (
				32CA4F630368D1EE00C91783 /* GitX-Prefix.pch */,
				29B97316FDCFA39411CA2CEA /* main.m */,
			);
			name = "Other Sources";
			sourceTree = "<group>";
		};
		29B97317FDCFA39411CA2CEA /* Resources */ = {
			isa = PBXGroup;
			children = (
				8D1107310486CEB800E47090 /* Info.plist */,
				EBF8111D13BADF6A0018EB72 /* Button Icons */,
				47DBDB920E94F47200671A1E /* Preference Icons */,
				EBF8111E13BADFA90018EB72 /* File Icons */,
				F50A41130EBB872D00208746 /* Widgets */,
				D26DC6440E782C9000C777B2 /* gitx.icns */,
				EBC5643313B5A07600DD539A /* MainMenu.xib */,
				EBC5643413B5A07600DD539A /* Preferences.xib */,
				EBC5643513B5A07600DD539A /* RepositoryWindow.xib */,
				F5E424100EA3E4D60046E362 /* PBDiffWindow.xib */,
				F52BCE020E84208300AA3741 /* PBGitHistoryView.xib */,
				F59116E50E843BB50072CCB1 /* PBGitCommitView.xib */,
			);
			name = Resources;
			sourceTree = "<group>";
		};
		29B97323FDCFA39411CA2CEA /* Frameworks */ = {
			isa = PBXGroup;
			children = (
				F5C580E40EDA250900995434 /* libgit2.a */,
				F56526230E03D85900F03B52 /* WebKit.framework */,
				1058C7A1FEA54F0111CA2CBB /* Cocoa.framework */,
				EB76EA3A13B4467700B00C04 /* SystemConfiguration.framework */,
				EB76EA7E13B446A600B00C04 /* Security.framework */,
				EB76EB5F13B4CB6C00B00C04 /* QuickLook.framework */,
			);
			name = Frameworks;
			sourceTree = "<group>";
		};
		47DBDB920E94F47200671A1E /* Preference Icons */ = {
			isa = PBXGroup;
			children = (
				47DBDBB00E94F6CA00671A1E /* Updates.png */,
			);
			name = "Preference Icons";
			sourceTree = "<group>";
		};
		913D5E420E5563FD00CECEA2 /* cli */ = {
			isa = PBXGroup;
			children = (
				913D5E5D0E556A9300CECEA2 /* PBCLIProxy.h */,
				913D5E5E0E556A9300CECEA2 /* PBCLIProxy.m */,
				913D5E440E55640C00CECEA2 /* gitx.m */,
			);
			name = cli;
			sourceTree = "<group>";
		};
		EBF8111D13BADF6A0018EB72 /* Button Icons */ = {
			isa = PBXGroup;
			children = (
				3BC07F4A0ED5A5C5009A7768 /* HistoryViewTemplate.png */,
				3BC07F4B0ED5A5C5009A7768 /* CommitViewTemplate.png */,
				F56ADDD70ED19F9E002AC78F /* AddBranchTemplate.png */,
				F56ADDD80ED19F9E002AC78F /* AddLabelTemplate.png */,
				056438B60ED0C40B00985397 /* DetailViewTemplate.png */,
			);
			name = "Button Icons";
			sourceTree = "<group>";
		};
		EBF8111E13BADFA90018EB72 /* File Icons */ = {
			isa = PBXGroup;
			children = (
				F57240BA0E9678EA00D8EE66 /* deleted_file.png */,
				F5E92A1A0E88550E00056E75 /* empty_file.png */,
				F5E92A220E88569500056E75 /* new_file.png */,
			);
			name = "File Icons";
			sourceTree = "<group>";
		};
		F50A41130EBB872D00208746 /* Widgets */ = {
			isa = PBXGroup;
			children = (
				F50A411D0EBB874C00208746 /* mainSplitterBar.tiff */,
				F50A411E0EBB874C00208746 /* mainSplitterDimple.tiff */,
			);
			name = Widgets;
			sourceTree = "<group>";
		};
		F56174540E05887E001DCD79 /* Git */ = {
			isa = PBXGroup;
			children = (
				F59F1DD2105C4FDE00115F88 /* Index */,
				F5E927E30E883D6800056E75 /* Commit */,
				F5E927E10E883D2E00056E75 /* History */,
				F5945E150E02B0C200706420 /* PBGitRepository.h */,
				F5945E160E02B0C200706420 /* PBGitRepository.m */,
				F53C4DF50E97FC630022AD59 /* PBGitBinary.h */,
				F53C4DF60E97FC630022AD59 /* PBGitBinary.m */,
				F5D2DC850EA401A80034AD24 /* PBGitConfig.h */,
				93FCCBA80EA8AF450061B02B /* PBGitConfig.m */,
			);
			name = Git;
			sourceTree = "<group>";
		};
		F57CC3850E05DDC1000472E2 /* Controllers */ = {
			isa = PBXGroup;
			children = (
				F5B161BB0EAB6E0C005A1DE1 /* Diff */,
				F5EF8C880E9D498F0050906B /* History */,
				F5E927F90E883EF600056E75 /* Commit */,
				77C8280B06725ACE000B614F /* ApplicationController.h */,
				77C8280C06725ACE000B614F /* ApplicationController.m */,
				93CB42C00EAB7B2200530609 /* PBGitDefaults.h */,
				93CB42C10EAB7B2200530609 /* PBGitDefaults.m */,
				F57CC43F0E05E496000472E2 /* PBGitWindowController.h */,
				F57CC4400E05E496000472E2 /* PBGitWindowController.m */,
				911111F60E594F3F00BF76B4 /* PBRepositoryDocumentController.h */,
				911111F70E594F3F00BF76B4 /* PBRepositoryDocumentController.m */,
				F5E926040E8827D300056E75 /* PBViewController.h */,
				F5E926050E8827D300056E75 /* PBViewController.m */,
				F5EF8C8C0E9D4A5D0050906B /* PBWebController.h */,
				F5EF8C8D0E9D4A5D0050906B /* PBWebController.m */,
				F5FE6C010EB13BC900F30D12 /* PBServicesController.h */,
				F5FE6C020EB13BC900F30D12 /* PBServicesController.m */,
				47DBDB560E94EDE700671A1E /* DBPrefsWindowController.h */,
				47DBDB570E94EDE700671A1E /* DBPrefsWindowController.m */,
				47DBDB650E94EE8B00671A1E /* PBPrefsWindowController.h */,
				47DBDB660E94EE8B00671A1E /* PBPrefsWindowController.m */,
			);
			name = Controllers;
			sourceTree = "<group>";
		};
		F57CC43E0E05E472000472E2 /* Aux */ = {
			isa = PBXGroup;
			children = (
				47DBDBC80E95016F00671A1E /* PBNSURLPathUserDefaultsTransfomer.h */,
				47DBDBC90E95016F00671A1E /* PBNSURLPathUserDefaultsTransfomer.m */,
				F5AD56770E79B78100EDAAFE /* PBCommitList.h */,
				F5AD56780E79B78100EDAAFE /* PBCommitList.m */,
				F56524B90E02D22D00F03B52 /* NSFileHandleExt.m */,
				F56524BA0E02D22D00F03B52 /* NSFileHandleExt.h */,
				F562C8850FE1766C000EC528 /* NSString_RegEx.h */,
				F562C8860FE1766C000EC528 /* NSString_RegEx.m */,
				F57CC38F0E05DDF2000472E2 /* PBEasyPipe.h */,
				F57CC3900E05DDF2000472E2 /* PBEasyPipe.m */,
				F5DFFA6A0E075D8800617813 /* PBEasyFS.h */,
				F5DFFA6B0E075D8800617813 /* PBEasyFS.m */,
				F53EE3590E06BBA00022B925 /* CWQuickLook.h */,
				F51308590E0740F2000C8BCD /* PBQLOutlineView.h */,
				F513085A0E0740F2000C8BCD /* PBQLOutlineView.m */,
				91B103CA0E898EC300C84364 /* PBIconAndTextCell.h */,
				91B103CB0E898EC300C84364 /* PBIconAndTextCell.m */,
				F5140DC70E8A8EB20091E9F3 /* RoundedRectangle.h */,
				F5140DC80E8A8EB20091E9F3 /* RoundedRectangle.m */,
				F56244070E9684B0002B6C44 /* PBUnsortableTableHeader.h */,
				F56244080E9684B0002B6C44 /* PBUnsortableTableHeader.m */,
				F50A41210EBB875D00208746 /* PBNiceSplitView.h */,
				F50A41220EBB875D00208746 /* PBNiceSplitView.m */,
				EB2A73480FEE3F09006601CF /* PBCollapsibleSplitView.h */,
				EB2A73490FEE3F09006601CF /* PBCollapsibleSplitView.m */,
				F5FC41F20EBCBD4300191D80 /* PBGitXProtocol.h */,
				F5FC41F30EBCBD4300191D80 /* PBGitXProtocol.m */,
			);
			name = Aux;
			sourceTree = "<group>";
		};
		F59F1DD2105C4FDE00115F88 /* Index */ = {
			isa = PBXGroup;
			children = (
				F5E927F60E883E7200056E75 /* PBChangedFile.h */,
				F5E927F70E883E7200056E75 /* PBChangedFile.m */,
				F59F1DD3105C4FF300115F88 /* PBGitIndex.h */,
				F59F1DD4105C4FF300115F88 /* PBGitIndex.m */,
			);
			name = Index;
			sourceTree = "<group>";
		};
		F5B161BB0EAB6E0C005A1DE1 /* Diff */ = {
			isa = PBXGroup;
			children = (
				F5E424140EA3E4E10046E362 /* PBDiffWindowController.h */,
				F5E424130EA3E4E10046E362 /* PBDiffWindowController.m */,
				F5E424160EA3E4EB0046E362 /* PBWebDiffController.m */,
				F5E424170EA3E4EB0046E362 /* PBWebDiffController.h */,
			);
			name = Diff;
			sourceTree = "<group>";
		};
		F5C6F6750E65FE2B00478D97 /* Graphing */ = {
			isa = PBXGroup;
			children = (
				F5FF4E780E082E440006317A /* PBGitGrapher.h */,
				F5FF4E790E082E440006317A /* PBGitGrapher.mm */,
				F50FE0E10E07BE9600854FCD /* PBGitRevisionCell.h */,
				F50FE0E20E07BE9600854FCD /* PBGitRevisionCell.m */,
				F56CC7270E65E0AD004307B4 /* PBGitGraphLine.h */,
				F56CC7300E65E0E5004307B4 /* PBGraphCellInfo.h */,
				F56CC7310E65E0E5004307B4 /* PBGraphCellInfo.m */,
				F5C6F68B0E65FF9300478D97 /* PBGitLane.h */,
				F5C6F68C0E65FF9300478D97 /* PBGitLane.mm */,
			);
			name = Graphing;
			sourceTree = "<group>";
		};
		F5E927E10E883D2E00056E75 /* History */ = {
			isa = PBXGroup;
			children = (
				F5AD56770E79B78100EDAAFE /* PBCommitList.h */,
				F5AD56780E79B78100EDAAFE /* PBCommitList.m */,
				F5C6F6750E65FE2B00478D97 /* Graphing */,
				F56524EE0E02D45200F03B52 /* PBGitCommit.h */,
				F56524EF0E02D45200F03B52 /* PBGitCommit.m */,
				F5C007730E731B48007B84B2 /* PBGitRef.h */,
				F5C007740E731B48007B84B2 /* PBGitRef.m */,
				F5FF4E160E0829C20006317A /* PBGitRevList.h */,
				F5FF4E170E0829C20006317A /* PBGitRevList.mm */,
				F53FF2030E7ABB5300389171 /* PBGitRevSpecifier.h */,
				F53FF2040E7ABB5300389171 /* PBGitRevSpecifier.m */,
				F56174550E058893001DCD79 /* PBGitTree.h */,
				F56174560E058893001DCD79 /* PBGitTree.m */,
				F5FC43C30EBD050800191D80 /* PBRefContextDelegate.h */,
				F5FC43FC0EBD08EE00191D80 /* PBRefMenuItem.h */,
				F5FC43FD0EBD08EE00191D80 /* PBRefMenuItem.m */,
			);
			name = History;
			sourceTree = "<group>";
		};
		F5E927E30E883D6800056E75 /* Commit */ = {
			isa = PBXGroup;
			children = (
				93F7857D0EA3ABF100C1F443 /* PBCommitMessageView.h */,
				93F7857E0EA3ABF100C1F443 /* PBCommitMessageView.m */,
				F593DF760E9E636C003A8559 /* PBFileChangesTableView.h */,
				F593DF770E9E636C003A8559 /* PBFileChangesTableView.m */,
			);
			name = Commit;
			sourceTree = "<group>";
		};
		F5E927F90E883EF600056E75 /* Commit */ = {
			isa = PBXGroup;
			children = (
				F59116E70E843BCB0072CCB1 /* PBGitCommitController.h */,
				F59116E80E843BCB0072CCB1 /* PBGitCommitController.m */,
				F5E927FA0E883F0700056E75 /* PBWebChangesController.h */,
				F5E927FB0E883F0700056E75 /* PBWebChangesController.m */,
				F523CEB40ED3399100DDD714 /* PBGitIndexController.h */,
				F523CEB50ED3399200DDD714 /* PBGitIndexController.m */,
			);
			name = Commit;
			sourceTree = "<group>";
		};
		F5EF8C880E9D498F0050906B /* History */ = {
			isa = PBXGroup;
			children = (
				F56526290E03D89B00F03B52 /* PBWebHistoryController.h */,
				F565262A0E03D89B00F03B52 /* PBWebHistoryController.m */,
				F52BCE050E84211300AA3741 /* PBGitHistoryController.h */,
				F52BCE060E84211300AA3741 /* PBGitHistoryController.m */,
				F574A2830EAE2EAC003F2CB1 /* PBRefController.h */,
				F574A2840EAE2EAC003F2CB1 /* PBRefController.m */,
			);
			name = History;
			sourceTree = "<group>";
		};
/* End PBXGroup section */

/* Begin PBXNativeTarget section */
		8D1107260486CEB800E47090 /* GitX */ = {
			isa = PBXNativeTarget;
			buildConfigurationList = 26FC0A840875C7B200E6366F /* Build configuration list for PBXNativeTarget "GitX" */;
			buildPhases = (
				8D11072C0486CEB800E47090 /* Sources */,
				8D11072E0486CEB800E47090 /* Frameworks */,
				EB76EAB613B447A600B00C04 /* Preprocess PList */,
				8D1107290486CEB800E47090 /* Resources */,
				F5CF04A20EAE696C00D75C81 /* Copy HTML files */,
			);
			buildRules = (
			);
			dependencies = (
				913D5E5A0E5564F400CECEA2 /* PBXTargetDependency */,
			);
			name = GitX;
			productInstallPath = "$(USER_APPS_DIR)";
			productName = GitTest;
			productReference = 8D1107320486CEB800E47090 /* GitX.app */;
			productType = "com.apple.product-type.application";
		};
		913D5E480E55644600CECEA2 /* gitx */ = {
			isa = PBXNativeTarget;
			buildConfigurationList = 913D5E570E55646100CECEA2 /* Build configuration list for PBXNativeTarget "gitx" */;
			buildPhases = (
				913D5E460E55644600CECEA2 /* Sources */,
				913D5E470E55644600CECEA2 /* Frameworks */,
			);
			buildRules = (
			);
			dependencies = (
			);
			name = gitx;
			productName = "cli tool";
			productReference = 913D5E490E55644600CECEA2 /* gitx */;
			productType = "com.apple.product-type.tool";
		};
/* End PBXNativeTarget section */

/* Begin PBXProject section */
		29B97313FDCFA39411CA2CEA /* Project object */ = {
			isa = PBXProject;
			buildConfigurationList = 26FC0A880875C7B200E6366F /* Build configuration list for PBXProject "GitX" */;
			compatibilityVersion = "Xcode 3.1";
			developmentRegion = English;
			hasScannedForEncodings = 1;
			knownRegions = (
				English,
				Japanese,
				French,
				German,
			);
			mainGroup = 29B97314FDCFA39411CA2CEA /* GitTest */;
			projectDirPath = "";
			projectRoot = "";
			targets = (
				8D1107260486CEB800E47090 /* GitX */,
				913D5E480E55644600CECEA2 /* gitx */,
			);
		};
/* End PBXProject section */

/* Begin PBXResourcesBuildPhase section */
		8D1107290486CEB800E47090 /* Resources */ = {
			isa = PBXResourcesBuildPhase;
			buildActionMask = 2147483647;
			files = (
				F5E92A1B0E88550E00056E75 /* empty_file.png in Resources */,
				913D5E500E55645900CECEA2 /* gitx in Resources */,
				D26DC6450E782C9000C777B2 /* gitx.icns in Resources */,
				F52BCE030E84208300AA3741 /* PBGitHistoryView.xib in Resources */,
				F59116E60E843BB50072CCB1 /* PBGitCommitView.xib in Resources */,
				F5E92A230E88569500056E75 /* new_file.png in Resources */,
				F57240BB0E9678EA00D8EE66 /* deleted_file.png in Resources */,
				F5E424110EA3E4D60046E362 /* PBDiffWindow.xib in Resources */,
				F50A411F0EBB874C00208746 /* mainSplitterBar.tiff in Resources */,
				F50A41200EBB874C00208746 /* mainSplitterDimple.tiff in Resources */,
				056438B70ED0C40B00985397 /* DetailViewTemplate.png in Resources */,
				F56ADDD90ED19F9E002AC78F /* AddBranchTemplate.png in Resources */,
				F56ADDDA0ED19F9E002AC78F /* AddLabelTemplate.png in Resources */,
				3BC07F4C0ED5A5C5009A7768 /* HistoryViewTemplate.png in Resources */,
				3BC07F4D0ED5A5C5009A7768 /* CommitViewTemplate.png in Resources */,
				47DBDBB10E94F6CA00671A1E /* Updates.png in Resources */,
				EBC5643613B5A07600DD539A /* MainMenu.xib in Resources */,
				EBC5643713B5A07600DD539A /* Preferences.xib in Resources */,
				EBC5643813B5A07600DD539A /* RepositoryWindow.xib in Resources */,
			);
			runOnlyForDeploymentPostprocessing = 0;
		};
/* End PBXResourcesBuildPhase section */

/* Begin PBXShellScriptBuildPhase section */
		EB76EAB613B447A600B00C04 /* Preprocess PList */ = {
			isa = PBXShellScriptBuildPhase;
			buildActionMask = 2147483647;
			files = (
			);
			inputPaths = (
			);
			name = "Preprocess PList";
			outputPaths = (
			);
			runOnlyForDeploymentPostprocessing = 0;
			shellPath = /bin/sh;
			shellScript = "export PATH=$PATH:$HOME/bin:$HOME/local/bin:/sw/bin:/opt/local/bin:`\"$TARGET_BUILD_DIR\"/gitx --git-path`\nVERSION=$(cd \"$PROJECT_DIR\";git describe)\nLONG_VERSION=$(echo $VERSION | sed -e \"s/\\-/\\./\" -e \"s/^v//\" -e \"s/-.*//\")\nSHORT_VERSION=$(echo $VERSION | sed -e \"s/\\-.*//\" -e \"s/^v//\")\n\necho -n \"#define LONG_VERSION $LONG_VERSION\n#define GIT_VERSION $VERSION\n#define SHORT_VERSION $SHORT_VERSION\" > \"$PROJECT_TEMP_DIR/revision\"\ntouch Info.plist";
		};
		F5CF04A20EAE696C00D75C81 /* Copy HTML files */ = {
			isa = PBXShellScriptBuildPhase;
			buildActionMask = 2147483647;
			comments = "This is added as a script rather than a 'copy files' phase because those aren't updated correctly when you edit just a single file in a directory.\n\nThis might be improved further by using rsync, but I didn't dive into that yet.";
			files = (
			);
			inputPaths = (
			);
			name = "Copy HTML files";
			outputPaths = (
			);
			runOnlyForDeploymentPostprocessing = 0;
			shellPath = /bin/sh;
			shellScript = "resource_path=\"$TARGET_BUILD_DIR/$UNLOCALIZED_RESOURCES_FOLDER_PATH\"\nrm -rf \"$resource_path/html\"\ncp -r html \"$resource_path\"";
		};
/* End PBXShellScriptBuildPhase section */

/* Begin PBXSourcesBuildPhase section */
		8D11072C0486CEB800E47090 /* Sources */ = {
			isa = PBXSourcesBuildPhase;
			buildActionMask = 2147483647;
			files = (
				F5EF8C8E0E9D4A5D0050906B /* PBWebController.m in Sources */,
				8D11072D0486CEB800E47090 /* main.m in Sources */,
				F574A2910EAE2FF4003F2CB1 /* PBGitConfig.m in Sources */,
				77C8280E06725ACE000B614F /* ApplicationController.m in Sources */,
				F5945E170E02B0C200706420 /* PBGitRepository.m in Sources */,
				F56524BB0E02D22D00F03B52 /* NSFileHandleExt.m in Sources */,
				F56524F00E02D45200F03B52 /* PBGitCommit.m in Sources */,
				F565262B0E03D89B00F03B52 /* PBWebHistoryController.m in Sources */,
				F56174570E058893001DCD79 /* PBGitTree.m in Sources */,
				F57CC3910E05DDF2000472E2 /* PBEasyPipe.m in Sources */,
				F57CC4410E05E496000472E2 /* PBGitWindowController.m in Sources */,
				F513085B0E0740F2000C8BCD /* PBQLOutlineView.m in Sources */,
				F5DFFA6C0E075D8800617813 /* PBEasyFS.m in Sources */,
				F50FE0E30E07BE9600854FCD /* PBGitRevisionCell.m in Sources */,
				F5FF4E180E0829C20006317A /* PBGitRevList.mm in Sources */,
				F5FF4E7A0E082E440006317A /* PBGitGrapher.mm in Sources */,
				911111F80E594F3F00BF76B4 /* PBRepositoryDocumentController.m in Sources */,
				913D5E5F0E556A9300CECEA2 /* PBCLIProxy.m in Sources */,
				F56CC7320E65E0E5004307B4 /* PBGraphCellInfo.m in Sources */,
				F5C6F68D0E65FF9300478D97 /* PBGitLane.mm in Sources */,
				F5C007750E731B48007B84B2 /* PBGitRef.m in Sources */,
				F5AD56790E79B78100EDAAFE /* PBCommitList.m in Sources */,
				F53FF2050E7ABB5300389171 /* PBGitRevSpecifier.m in Sources */,
				F52BCE070E84211300AA3741 /* PBGitHistoryController.m in Sources */,
				F59116E90E843BCB0072CCB1 /* PBGitCommitController.m in Sources */,
				F5E926060E8827D300056E75 /* PBViewController.m in Sources */,
				F5E927F80E883E7200056E75 /* PBChangedFile.m in Sources */,
				F5E927FC0E883F0700056E75 /* PBWebChangesController.m in Sources */,
				91B103CC0E898EC300C84364 /* PBIconAndTextCell.m in Sources */,
				F5140DC90E8A8EB20091E9F3 /* RoundedRectangle.m in Sources */,
				F56244090E9684B0002B6C44 /* PBUnsortableTableHeader.m in Sources */,
				F53C4DF70E97FC630022AD59 /* PBGitBinary.m in Sources */,
				F593DF780E9E636C003A8559 /* PBFileChangesTableView.m in Sources */,
				93F7857F0EA3ABF100C1F443 /* PBCommitMessageView.m in Sources */,
				93CB42C20EAB7B2200530609 /* PBGitDefaults.m in Sources */,
				F5E424150EA3E4E10046E362 /* PBDiffWindowController.m in Sources */,
				F5E424180EA3E4EB0046E362 /* PBWebDiffController.m in Sources */,
				F5FE6C030EB13BC900F30D12 /* PBServicesController.m in Sources */,
				F50A41230EBB875D00208746 /* PBNiceSplitView.m in Sources */,
				F5FC41F40EBCBD4300191D80 /* PBGitXProtocol.m in Sources */,
				F574A2850EAE2EAC003F2CB1 /* PBRefController.m in Sources */,
				F5FC43FE0EBD08EE00191D80 /* PBRefMenuItem.m in Sources */,
				F523CEB60ED3399200DDD714 /* PBGitIndexController.m in Sources */,
				47DBDB580E94EDE700671A1E /* DBPrefsWindowController.m in Sources */,
				47DBDB670E94EE8B00671A1E /* PBPrefsWindowController.m in Sources */,
				47DBDBCA0E95016F00671A1E /* PBNSURLPathUserDefaultsTransfomer.m in Sources */,
				F562C8870FE1766C000EC528 /* NSString_RegEx.m in Sources */,
				EB2A734A0FEE3F09006601CF /* PBCollapsibleSplitView.m in Sources */,
				F59F1DD5105C4FF300115F88 /* PBGitIndex.m in Sources */,
			);
			runOnlyForDeploymentPostprocessing = 0;
		};
		913D5E460E55644600CECEA2 /* Sources */ = {
			isa = PBXSourcesBuildPhase;
			buildActionMask = 2147483647;
			files = (
				F53C4DF90E97FCAD0022AD59 /* PBEasyPipe.m in Sources */,
				F53C4DF80E97FCA70022AD59 /* PBGitBinary.m in Sources */,
				913D5E4D0E55644E00CECEA2 /* gitx.m in Sources */,
			);
			runOnlyForDeploymentPostprocessing = 0;
		};
/* End PBXSourcesBuildPhase section */

/* Begin PBXTargetDependency section */
		913D5E5A0E5564F400CECEA2 /* PBXTargetDependency */ = {
			isa = PBXTargetDependency;
			target = 913D5E480E55644600CECEA2 /* gitx */;
			targetProxy = 913D5E590E5564F400CECEA2 /* PBXContainerItemProxy */;
		};
/* End PBXTargetDependency section */

/* Begin XCBuildConfiguration section */
		26FC0A850875C7B200E6366F /* Debug */ = {
			isa = XCBuildConfiguration;
			buildSettings = {
				COPY_PHASE_STRIP = NO;
				FRAMEWORK_SEARCH_PATHS = (
					"$(inherited)",
					"\"$(SRCROOT)\"",
				);
				GCC_DYNAMIC_NO_PIC = NO;
				GCC_ENABLE_FIX_AND_CONTINUE = YES;
				GCC_ENABLE_OBJC_EXCEPTIONS = YES;
				GCC_MODEL_TUNING = G5;
				GCC_OPTIMIZATION_LEVEL = 0;
				GCC_PRECOMPILE_PREFIX_HEADER = YES;
				GCC_PREFIX_HEADER = GitX-Prefix.pch;
				INFOPLIST_FILE = Info.plist;
				INFOPLIST_OTHER_PREPROCESSOR_FLAGS = "-traditional";
				INFOPLIST_PREFIX_HEADER = $PROJECT_TEMP_DIR/revision;
				INFOPLIST_PREPROCESS = YES;
				INSTALL_PATH = "$(USER_APPS_DIR)";
				LIBRARY_SEARCH_PATHS = (
					libgit2/build/static,
					"\"$(SRCROOT)/libgit2/build/static\"",
				);
				PRODUCT_NAME = GitX;
				USER_HEADER_SEARCH_PATHS = libgit2/include;
				WRAPPER_EXTENSION = app;
				ZERO_LINK = YES;
			};
			name = Debug;
		};
		26FC0A860875C7B200E6366F /* Release */ = {
			isa = XCBuildConfiguration;
			buildSettings = {
				DEBUG_INFORMATION_FORMAT = dwarf;
				FRAMEWORK_SEARCH_PATHS = (
					"$(inherited)",
					"\"$(SRCROOT)\"",
				);
				GCC_ENABLE_OBJC_EXCEPTIONS = YES;
				GCC_MODEL_TUNING = G5;
				GCC_PRECOMPILE_PREFIX_HEADER = YES;
				GCC_PREFIX_HEADER = GitX-Prefix.pch;
				GCC_PREPROCESSOR_DEFINITIONS_NOT_USED_IN_PRECOMPS = "";
				INFOPLIST_FILE = Info.plist;
				INFOPLIST_OTHER_PREPROCESSOR_FLAGS = "-traditional";
				INFOPLIST_PREFIX_HEADER = $PROJECT_TEMP_DIR/revision;
				INFOPLIST_PREPROCESS = YES;
				INSTALL_PATH = "$(USER_APPS_DIR)";
				LIBRARY_SEARCH_PATHS = (
					libgit2/build/static,
					"\"$(SRCROOT)/libgit2/build/static\"",
				);
				PRODUCT_NAME = GitX;
				USER_HEADER_SEARCH_PATHS = libgit2/include;
				WRAPPER_EXTENSION = app;
			};
			name = Release;
		};
		26FC0A890875C7B200E6366F /* Debug */ = {
			isa = XCBuildConfiguration;
			buildSettings = {
				GCC_ENABLE_OBJC_GC = required;
				GCC_PREPROCESSOR_DEFINITIONS_NOT_USED_IN_PRECOMPS = DEBUG_BUILD;
				GCC_WARN_ABOUT_RETURN_TYPE = YES;
				GCC_WARN_UNUSED_VARIABLE = YES;
				INFOPLIST_PREPROCESS = YES;
				PREBINDING = NO;
				SDKROOT = "$(DEVELOPER_SDK_DIR)/MacOSX10.5.sdk";
				VALID_ARCHS = "i386 x86_64";
			};
			name = Debug;
		};
		26FC0A8A0875C7B200E6366F /* Release */ = {
			isa = XCBuildConfiguration;
			buildSettings = {
				ARCHS = (
					ppc,
					i386,
				);
				GCC_ENABLE_OBJC_GC = required;
				GCC_WARN_ABOUT_RETURN_TYPE = YES;
				GCC_WARN_UNUSED_VARIABLE = YES;
				INFOPLIST_PREFIX_HEADER = $PROJECT_TEMP_DIR/revision;
				INFOPLIST_PREPROCESS = YES;
				PREBINDING = NO;
				SDKROOT = "$(DEVELOPER_SDK_DIR)/MacOSX10.5.sdk";
				VALID_ARCHS = "i386 x86_64";
			};
			name = Release;
		};
		913D5E4B0E55644600CECEA2 /* Debug */ = {
			isa = XCBuildConfiguration;
			buildSettings = {
				COPY_PHASE_STRIP = NO;
				GCC_DYNAMIC_NO_PIC = NO;
				GCC_ENABLE_FIX_AND_CONTINUE = YES;
				GCC_MODEL_TUNING = G5;
				GCC_OPTIMIZATION_LEVEL = 0;
				GCC_PRECOMPILE_PREFIX_HEADER = YES;
				GCC_PREFIX_HEADER = "$(SYSTEM_LIBRARY_DIR)/Frameworks/AppKit.framework/Headers/AppKit.h";
				INSTALL_PATH = /usr/local/bin;
				LIBRARY_SEARCH_PATHS = libgit2;
				OTHER_LDFLAGS = (
					"-framework",
					Foundation,
					"-framework",
					AppKit,
				);
				PREBINDING = NO;
				PRODUCT_NAME = gitx;
				ZERO_LINK = YES;
			};
			name = Debug;
		};
		913D5E4C0E55644600CECEA2 /* Release */ = {
			isa = XCBuildConfiguration;
			buildSettings = {
				COPY_PHASE_STRIP = YES;
				DEBUG_INFORMATION_FORMAT = "dwarf-with-dsym";
				GCC_ENABLE_FIX_AND_CONTINUE = NO;
				GCC_MODEL_TUNING = G5;
				GCC_PRECOMPILE_PREFIX_HEADER = YES;
				GCC_PREFIX_HEADER = "$(SYSTEM_LIBRARY_DIR)/Frameworks/AppKit.framework/Headers/AppKit.h";
				INSTALL_PATH = /usr/local/bin;
				LIBRARY_SEARCH_PATHS = libgit2;
				OTHER_LDFLAGS = (
					"-framework",
					Foundation,
					"-framework",
					AppKit,
				);
				PREBINDING = NO;
				PRODUCT_NAME = gitx;
				ZERO_LINK = NO;
			};
			name = Release;
		};
/* End XCBuildConfiguration section */

/* Begin XCConfigurationList section */
		26FC0A840875C7B200E6366F /* Build configuration list for PBXNativeTarget "GitX" */ = {
			isa = XCConfigurationList;
			buildConfigurations = (
				26FC0A850875C7B200E6366F /* Debug */,
				26FC0A860875C7B200E6366F /* Release */,
			);
			defaultConfigurationIsVisible = 0;
			defaultConfigurationName = Release;
		};
		26FC0A880875C7B200E6366F /* Build configuration list for PBXProject "GitX" */ = {
			isa = XCConfigurationList;
			buildConfigurations = (
				26FC0A890875C7B200E6366F /* Debug */,
				26FC0A8A0875C7B200E6366F /* Release */,
			);
			defaultConfigurationIsVisible = 0;
			defaultConfigurationName = Release;
		};
		913D5E570E55646100CECEA2 /* Build configuration list for PBXNativeTarget "gitx" */ = {
			isa = XCConfigurationList;
			buildConfigurations = (
				913D5E4B0E55644600CECEA2 /* Debug */,
				913D5E4C0E55644600CECEA2 /* Release */,
			);
			defaultConfigurationIsVisible = 0;
			defaultConfigurationName = Release;
		};
/* End XCConfigurationList section */
	};
	rootObject = 29B97313FDCFA39411CA2CEA /* Project object */;
}
